
Microsoft Visual Studio Solution File, Format Version 12.00
# Visual Studio 15
VisualStudioVersion = 15.0.26730.12
MinimumVisualStudioVersion = 10.0.40219.1
Project("{FAE04EC0-301F-11D3-BF4B-00C04F79EFBC}") = "MvcTest", "MvcTest\MvcTest.csproj", "{B5910095-689E-483F-B754-78E9BE8D0A7D}"
EndProject
Project("{E53339B2-1760-4266-BCC7-CA923CBCF16C}") = "docker-compose", "docker-compose.dcproj", "{862236FD-D888-454D-9916-4A46FDB50241}"
EndProject
Global
	GlobalSection(SolutionConfigurationPlatforms) = preSolution
		Debug|Any CPU = Debug|Any CPU
		Release|Any CPU = Release|Any CPU
	EndGlobalSection
	GlobalSection(ProjectConfigurationPlatforms) = postSolution
		{B5910095-689E-483F-B754-78E9BE8D0A7D}.Debug|Any CPU.ActiveCfg = Debug|Any CPU
		{B5910095-689E-483F-B754-78E9BE8D0A7D}.Debug|Any CPU.Build.0 = Debug|Any CPU
		{B5910095-689E-483F-B754-78E9BE8D0A7D}.Release|Any CPU.ActiveCfg = Release|Any CPU
		{B5910095-689E-483F-B754-78E9BE8D0A7D}.Release|Any CPU.Build.0 = Release|Any CPU
		{862236FD-D888-454D-9916-4A46FDB50241}.Debug|Any CPU.ActiveCfg = Debug|Any CPU
		{862236FD-D888-454D-9916-4A46FDB50241}.Debug|Any CPU.Build.0 = Debug|Any CPU
		{862236FD-D888-454D-9916-4A46FDB50241}.Release|Any CPU.ActiveCfg = Release|Any CPU
		{862236FD-D888-454D-9916-4A46FDB50241}.Release|Any CPU.Build.0 = Release|Any CPU
	EndGlobalSection
	GlobalSection(SolutionProperties) = preSolution
		HideSolutionNode = FALSE
	EndGlobalSection
	GlobalSection(ExtensibilityGlobals) = postSolution
		SolutionGuid = {3AA4719A-6FDA-488C-983D-CE37C31DC976}
	EndGlobalSection
EndGlobal
